
Microsoft Visual Studio Solution File, Format Version 12.00
# Visual Studio Version 17
VisualStudioVersion = 17.5.33502.453
MinimumVisualStudioVersion = 10.0.40219.1
Project("{FAE04EC0-301F-11D3-BF4B-00C04F79EFBC}") = "P42b DivisionEnterosVector", "P42b DivisionEnterosVector\P42b DivisionEnterosVector.csproj", "{F41DEBEF-65A2-41BE-8CA1-FF188CC9BA03}"
EndProject
Global
	GlobalSection(SolutionConfigurationPlatforms) = preSolution
		Debug|Any CPU = Debug|Any CPU
		Release|Any CPU = Release|Any CPU
	EndGlobalSection
	GlobalSection(ProjectConfigurationPlatforms) = postSolution
		{F41DEBEF-65A2-41BE-8CA1-FF188CC9BA03}.Debug|Any CPU.ActiveCfg = Debug|Any CPU
		{F41DEBEF-65A2-41BE-8CA1-FF188CC9BA03}.Debug|Any CPU.Build.0 = Debug|Any CPU
		{F41DEBEF-65A2-41BE-8CA1-FF188CC9BA03}.Release|Any CPU.ActiveCfg = Release|Any CPU
		{F41DEBEF-65A2-41BE-8CA1-FF188CC9BA03}.Release|Any CPU.Build.0 = Release|Any CPU
	EndGlobalSection
	GlobalSection(SolutionProperties) = preSolution
		HideSolutionNode = FALSE
	EndGlobalSection
	GlobalSection(ExtensibilityGlobals) = postSolution
		SolutionGuid = {D7277680-BCFD-48E1-910C-9D6EF7198FD9}
	EndGlobalSection
EndGlobal
